
Microsoft Visual Studio Solution File, Format Version 12.00
# Visual Studio Version 17
VisualStudioVersion = 17.0.32014.148
MinimumVisualStudioVersion = 10.0.40219.1
Project("{FAE04EC0-301F-11D3-BF4B-00C04F79EFBC}") = "DurakConsole", "DurakConsole\DurakConsole.csproj", "{F364C816-5483-4612-BEB5-86B998FDE660}"
EndProject
Global
	GlobalSection(SolutionConfigurationPlatforms) = preSolution
		Debug|Any CPU = Debug|Any CPU
		Release|Any CPU = Release|Any CPU
	EndGlobalSection
	GlobalSection(ProjectConfigurationPlatforms) = postSolution
		{F364C816-5483-4612-BEB5-86B998FDE660}.Debug|Any CPU.ActiveCfg = Debug|Any CPU
		{F364C816-5483-4612-BEB5-86B998FDE660}.Debug|Any CPU.Build.0 = Debug|Any CPU
		{F364C816-5483-4612-BEB5-86B998FDE660}.Release|Any CPU.ActiveCfg = Release|Any CPU
		{F364C816-5483-4612-BEB5-86B998FDE660}.Release|Any CPU.Build.0 = Release|Any CPU
	EndGlobalSection
	GlobalSection(SolutionProperties) = preSolution
		HideSolutionNode = FALSE
	EndGlobalSection
	GlobalSection(ExtensibilityGlobals) = postSolution
		SolutionGuid = {2DCFA87B-39F8-4BE5-8EA0-2D78065CCB02}
	EndGlobalSection
EndGlobal
